{
  "name": "@mipong/utils",
  "version": "1.0.6-rc.0",
  "lockfileVersion": 2,
  "requires": true,
  "packages": {
    "": {
      "name": "@mipong/utils",
      "version": "1.0.6-rc.0",
      "license": "MIT",
      "dependencies": {
        "@sindresorhus/is": "^5.1.0"
      }
    },
    "node_modules/@sindresorhus/is": {
      "version": "5.1.0",
      "resolved": "https://registry.npmjs.org/@sindresorhus/is/-/is-5.1.0.tgz",
      "integrity": "sha512-TsEUyp3jzFpAMVO/+iFt+8nRoGJcU9ZE4mfyi3SpFry8j6CaxzLDuC7HefHCQ9/+IykpypZanfPPfeHpUAziyg==",
      "engines": {
        "node": ">=14.16"
      },
      "funding": {
        "url": "https://github.com/sindresorhus/is?sponsor=1"
      }
    }
  },
  "dependencies": {
    "@sindresorhus/is": {
      "version": "5.1.0",
      "resolved": "https://registry.npmjs.org/@sindresorhus/is/-/is-5.1.0.tgz",
      "integrity": "sha512-TsEUyp3jzFpAMVO/+iFt+8nRoGJcU9ZE4mfyi3SpFry8j6CaxzLDuC7HefHCQ9/+IykpypZanfPPfeHpUAziyg=="
    }
  }
}
